
Microsoft Visual Studio Solution File, Format Version 12.00
Project("{FAE04EC0-301F-11D3-BF4B-00C04F79EFBC}") = "LSI", "LSI\LSI.csproj", "{D685B10C-0AFA-4383-A84B-6D175B83A4A2}"
EndProject
Project("{FAE04EC0-301F-11D3-BF4B-00C04F79EFBC}") = "LSI.Domain", "LSI.Domain\LSI.Domain.csproj", "{4BB44968-514D-414F-B75E-F33B73EC1817}"
EndProject
Global
	GlobalSection(SolutionConfigurationPlatforms) = preSolution
		Debug|Any CPU = Debug|Any CPU
		Release|Any CPU = Release|Any CPU
	EndGlobalSection
	GlobalSection(ProjectConfigurationPlatforms) = postSolution
		{D685B10C-0AFA-4383-A84B-6D175B83A4A2}.Debug|Any CPU.ActiveCfg = Debug|Any CPU
		{D685B10C-0AFA-4383-A84B-6D175B83A4A2}.Debug|Any CPU.Build.0 = Debug|Any CPU
		{D685B10C-0AFA-4383-A84B-6D175B83A4A2}.Release|Any CPU.ActiveCfg = Release|Any CPU
		{D685B10C-0AFA-4383-A84B-6D175B83A4A2}.Release|Any CPU.Build.0 = Release|Any CPU
		{4BB44968-514D-414F-B75E-F33B73EC1817}.Debug|Any CPU.ActiveCfg = Debug|Any CPU
		{4BB44968-514D-414F-B75E-F33B73EC1817}.Debug|Any CPU.Build.0 = Debug|Any CPU
		{4BB44968-514D-414F-B75E-F33B73EC1817}.Release|Any CPU.ActiveCfg = Release|Any CPU
		{4BB44968-514D-414F-B75E-F33B73EC1817}.Release|Any CPU.Build.0 = Release|Any CPU
	EndGlobalSection
EndGlobal
